
Microsoft Visual Studio Solution File, Format Version 12.00
# Visual Studio 15
VisualStudioVersion = 15.0.28307.489
MinimumVisualStudioVersion = 10.0.40219.1
Project("{FAE04EC0-301F-11D3-BF4B-00C04F79EFBC}") = "Mango.SignalRDemo", "Mango.SignalRDemo\Mango.SignalRDemo.csproj", "{4923BBA2-AEC6-4C5F-BD88-A4956FC2226F}"
EndProject
Global
	GlobalSection(SolutionConfigurationPlatforms) = preSolution
		Debug|Any CPU = Debug|Any CPU
		Release|Any CPU = Release|Any CPU
	EndGlobalSection
	GlobalSection(ProjectConfigurationPlatforms) = postSolution
		{4923BBA2-AEC6-4C5F-BD88-A4956FC2226F}.Debug|Any CPU.ActiveCfg = Debug|Any CPU
		{4923BBA2-AEC6-4C5F-BD88-A4956FC2226F}.Debug|Any CPU.Build.0 = Debug|Any CPU
		{4923BBA2-AEC6-4C5F-BD88-A4956FC2226F}.Release|Any CPU.ActiveCfg = Release|Any CPU
		{4923BBA2-AEC6-4C5F-BD88-A4956FC2226F}.Release|Any CPU.Build.0 = Release|Any CPU
	EndGlobalSection
	GlobalSection(SolutionProperties) = preSolution
		HideSolutionNode = FALSE
	EndGlobalSection
	GlobalSection(ExtensibilityGlobals) = postSolution
		SolutionGuid = {7A492878-4135-4547-A734-9A719F6FBED9}
	EndGlobalSection
EndGlobal
