
Microsoft Visual Studio Solution File, Format Version 12.00
# Visual Studio Version 16
VisualStudioVersion = 16.0.29001.49
MinimumVisualStudioVersion = 10.0.40219.1
Project("{9A19103F-16F7-4668-BE54-9A1E7A4F7556}") = "Mango.SignalRDemo", "Mango.SignalRDemo\Mango.SignalRDemo.csproj", "{4923BBA2-AEC6-4C5F-BD88-A4956FC2226F}"
EndProject
Project("{FAE04EC0-301F-11D3-BF4B-00C04F79EFBC}") = "Mango.SignalR.WeChat", "Mango.SignalR.WeChat\Mango.SignalR.WeChat.csproj", "{092542F3-8071-499E-8BC3-783E41AC66EE}"
EndProject
Global
	GlobalSection(SolutionConfigurationPlatforms) = preSolution
		Debug|Any CPU = Debug|Any CPU
		Release|Any CPU = Release|Any CPU
	EndGlobalSection
	GlobalSection(ProjectConfigurationPlatforms) = postSolution
		{4923BBA2-AEC6-4C5F-BD88-A4956FC2226F}.Debug|Any CPU.ActiveCfg = Debug|Any CPU
		{4923BBA2-AEC6-4C5F-BD88-A4956FC2226F}.Debug|Any CPU.Build.0 = Debug|Any CPU
		{4923BBA2-AEC6-4C5F-BD88-A4956FC2226F}.Release|Any CPU.ActiveCfg = Release|Any CPU
		{4923BBA2-AEC6-4C5F-BD88-A4956FC2226F}.Release|Any CPU.Build.0 = Release|Any CPU
		{092542F3-8071-499E-8BC3-783E41AC66EE}.Debug|Any CPU.ActiveCfg = Debug|Any CPU
		{092542F3-8071-499E-8BC3-783E41AC66EE}.Debug|Any CPU.Build.0 = Debug|Any CPU
		{092542F3-8071-499E-8BC3-783E41AC66EE}.Release|Any CPU.ActiveCfg = Release|Any CPU
		{092542F3-8071-499E-8BC3-783E41AC66EE}.Release|Any CPU.Build.0 = Release|Any CPU
	EndGlobalSection
	GlobalSection(SolutionProperties) = preSolution
		HideSolutionNode = FALSE
	EndGlobalSection
	GlobalSection(ExtensibilityGlobals) = postSolution
		SolutionGuid = {7A492878-4135-4547-A734-9A719F6FBED9}
	EndGlobalSection
EndGlobal
